
Microsoft Visual Studio Solution File, Format Version 12.00
# Visual Studio 15
VisualStudioVersion = 15.0.28307.168
MinimumVisualStudioVersion = 10.0.40219.1
Project("{2150E333-8FDC-42A3-9474-1A3956D46DE8}") = "Documentation", "Documentation", "{C5A55073-90AA-4EFB-8696-7B1F1CAFDF99}"
EndProject
Project("{2150E333-8FDC-42A3-9474-1A3956D46DE8}") = "Core", "Core", "{389B1274-989E-4717-AE4F-C452F9E35376}"
EndProject
Project("{9A19103F-16F7-4668-BE54-9A1E7A4F7556}") = "Domain", "Source Code\Core\Domain\Domain.csproj", "{02867029-AE7E-4FE6-90DE-B727B490D4D8}"
EndProject
Project("{9A19103F-16F7-4668-BE54-9A1E7A4F7556}") = "Data", "Source Code\Core\Data\Data.csproj", "{0C0B4473-9544-4EC5-846C-CAABABF10108}"
EndProject
Project("{9A19103F-16F7-4668-BE54-9A1E7A4F7556}") = "Model", "Source Code\Core\Model\Model.csproj", "{560C4E5D-8C7F-4A86-9FE2-DC4E04E6AD3F}"
EndProject
Project("{2150E333-8FDC-42A3-9474-1A3956D46DE8}") = "Source Code", "Source Code", "{A905B66B-36A6-4C0F-BEE2-2223A2012972}"
EndProject
Project("{2150E333-8FDC-42A3-9474-1A3956D46DE8}") = "Unit Test", "Unit Test", "{BDEDF731-39C8-432B-A252-F8CCC39452EC}"
EndProject
Project("{2150E333-8FDC-42A3-9474-1A3956D46DE8}") = "Presentation", "Presentation", "{6CB7E73B-1263-4504-B2DA-D7939706EDFB}"
EndProject
Project("{2150E333-8FDC-42A3-9474-1A3956D46DE8}") = "Framework", "Framework", "{D1D8796F-0B93-415F-A87F-96BE3B7CF144}"
EndProject
Project("{2150E333-8FDC-42A3-9474-1A3956D46DE8}") = "Research and Development", "Research and Development", "{1EA547D5-A197-4AE9-BB6B-F0E63C45C9A0}"
EndProject
Project("{2150E333-8FDC-42A3-9474-1A3956D46DE8}") = "System Requirements", "System Requirements", "{D457BA0A-3725-4E76-BE07-AB9BAACED117}"
EndProject
Project("{2150E333-8FDC-42A3-9474-1A3956D46DE8}") = "Architecture", "Architecture", "{DCB38991-6AB3-4310-918A-5E50817D0539}"
EndProject
Project("{9A19103F-16F7-4668-BE54-9A1E7A4F7556}") = "Common", "Common\Common.csproj", "{1435714C-7046-4459-9BFE-CCFB7A601932}"
EndProject
Project("{9A19103F-16F7-4668-BE54-9A1E7A4F7556}") = "Logic", "Logic\Logic.csproj", "{56F7548F-1A5A-4832-B6E2-5713BFE847F3}"
EndProject
Project("{9A19103F-16F7-4668-BE54-9A1E7A4F7556}") = "WebAPI", "WebAPI\WebAPI.csproj", "{0B5C5D2E-810A-4768-84A9-D5102E28BA11}"
EndProject
Project("{FAE04EC0-301F-11D3-BF4B-00C04F79EFBC}") = "ServiceProvider", "ServiceProvider\ServiceProvider.csproj", "{8B9DBAA9-7FA3-4B00-91AD-598318A58989}"
EndProject
Global
	GlobalSection(SolutionConfigurationPlatforms) = preSolution
		Debug|Any CPU = Debug|Any CPU
		Release|Any CPU = Release|Any CPU
	EndGlobalSection
	GlobalSection(ProjectConfigurationPlatforms) = postSolution
		{02867029-AE7E-4FE6-90DE-B727B490D4D8}.Debug|Any CPU.ActiveCfg = Debug|Any CPU
		{02867029-AE7E-4FE6-90DE-B727B490D4D8}.Debug|Any CPU.Build.0 = Debug|Any CPU
		{02867029-AE7E-4FE6-90DE-B727B490D4D8}.Release|Any CPU.ActiveCfg = Release|Any CPU
		{02867029-AE7E-4FE6-90DE-B727B490D4D8}.Release|Any CPU.Build.0 = Release|Any CPU
		{0C0B4473-9544-4EC5-846C-CAABABF10108}.Debug|Any CPU.ActiveCfg = Debug|Any CPU
		{0C0B4473-9544-4EC5-846C-CAABABF10108}.Debug|Any CPU.Build.0 = Debug|Any CPU
		{0C0B4473-9544-4EC5-846C-CAABABF10108}.Release|Any CPU.ActiveCfg = Release|Any CPU
		{0C0B4473-9544-4EC5-846C-CAABABF10108}.Release|Any CPU.Build.0 = Release|Any CPU
		{560C4E5D-8C7F-4A86-9FE2-DC4E04E6AD3F}.Debug|Any CPU.ActiveCfg = Debug|Any CPU
		{560C4E5D-8C7F-4A86-9FE2-DC4E04E6AD3F}.Debug|Any CPU.Build.0 = Debug|Any CPU
		{560C4E5D-8C7F-4A86-9FE2-DC4E04E6AD3F}.Release|Any CPU.ActiveCfg = Release|Any CPU
		{560C4E5D-8C7F-4A86-9FE2-DC4E04E6AD3F}.Release|Any CPU.Build.0 = Release|Any CPU
		{1435714C-7046-4459-9BFE-CCFB7A601932}.Debug|Any CPU.ActiveCfg = Debug|Any CPU
		{1435714C-7046-4459-9BFE-CCFB7A601932}.Debug|Any CPU.Build.0 = Debug|Any CPU
		{1435714C-7046-4459-9BFE-CCFB7A601932}.Release|Any CPU.ActiveCfg = Release|Any CPU
		{1435714C-7046-4459-9BFE-CCFB7A601932}.Release|Any CPU.Build.0 = Release|Any CPU
		{56F7548F-1A5A-4832-B6E2-5713BFE847F3}.Debug|Any CPU.ActiveCfg = Debug|Any CPU
		{56F7548F-1A5A-4832-B6E2-5713BFE847F3}.Debug|Any CPU.Build.0 = Debug|Any CPU
		{56F7548F-1A5A-4832-B6E2-5713BFE847F3}.Release|Any CPU.ActiveCfg = Release|Any CPU
		{56F7548F-1A5A-4832-B6E2-5713BFE847F3}.Release|Any CPU.Build.0 = Release|Any CPU
		{0B5C5D2E-810A-4768-84A9-D5102E28BA11}.Debug|Any CPU.ActiveCfg = Debug|Any CPU
		{0B5C5D2E-810A-4768-84A9-D5102E28BA11}.Debug|Any CPU.Build.0 = Debug|Any CPU
		{0B5C5D2E-810A-4768-84A9-D5102E28BA11}.Release|Any CPU.ActiveCfg = Release|Any CPU
		{0B5C5D2E-810A-4768-84A9-D5102E28BA11}.Release|Any CPU.Build.0 = Release|Any CPU
		{8B9DBAA9-7FA3-4B00-91AD-598318A58989}.Debug|Any CPU.ActiveCfg = Debug|Any CPU
		{8B9DBAA9-7FA3-4B00-91AD-598318A58989}.Debug|Any CPU.Build.0 = Debug|Any CPU
		{8B9DBAA9-7FA3-4B00-91AD-598318A58989}.Release|Any CPU.ActiveCfg = Release|Any CPU
		{8B9DBAA9-7FA3-4B00-91AD-598318A58989}.Release|Any CPU.Build.0 = Release|Any CPU
	EndGlobalSection
	GlobalSection(SolutionProperties) = preSolution
		HideSolutionNode = FALSE
	EndGlobalSection
	GlobalSection(NestedProjects) = preSolution
		{389B1274-989E-4717-AE4F-C452F9E35376} = {A905B66B-36A6-4C0F-BEE2-2223A2012972}
		{02867029-AE7E-4FE6-90DE-B727B490D4D8} = {389B1274-989E-4717-AE4F-C452F9E35376}
		{0C0B4473-9544-4EC5-846C-CAABABF10108} = {389B1274-989E-4717-AE4F-C452F9E35376}
		{560C4E5D-8C7F-4A86-9FE2-DC4E04E6AD3F} = {389B1274-989E-4717-AE4F-C452F9E35376}
		{BDEDF731-39C8-432B-A252-F8CCC39452EC} = {389B1274-989E-4717-AE4F-C452F9E35376}
		{6CB7E73B-1263-4504-B2DA-D7939706EDFB} = {A905B66B-36A6-4C0F-BEE2-2223A2012972}
		{D1D8796F-0B93-415F-A87F-96BE3B7CF144} = {C5A55073-90AA-4EFB-8696-7B1F1CAFDF99}
		{1EA547D5-A197-4AE9-BB6B-F0E63C45C9A0} = {C5A55073-90AA-4EFB-8696-7B1F1CAFDF99}
		{D457BA0A-3725-4E76-BE07-AB9BAACED117} = {C5A55073-90AA-4EFB-8696-7B1F1CAFDF99}
		{DCB38991-6AB3-4310-918A-5E50817D0539} = {C5A55073-90AA-4EFB-8696-7B1F1CAFDF99}
		{1435714C-7046-4459-9BFE-CCFB7A601932} = {389B1274-989E-4717-AE4F-C452F9E35376}
		{56F7548F-1A5A-4832-B6E2-5713BFE847F3} = {389B1274-989E-4717-AE4F-C452F9E35376}
		{0B5C5D2E-810A-4768-84A9-D5102E28BA11} = {6CB7E73B-1263-4504-B2DA-D7939706EDFB}
		{8B9DBAA9-7FA3-4B00-91AD-598318A58989} = {389B1274-989E-4717-AE4F-C452F9E35376}
	EndGlobalSection
	GlobalSection(ExtensibilityGlobals) = postSolution
		SolutionGuid = {02F079CE-3E5A-4543-AC7E-0F8BB767F618}
	EndGlobalSection
EndGlobal
